
Microsoft Visual Studio Solution File, Format Version 12.00
# Visual Studio 15
VisualStudioVersion = 15.0.28307.1500
MinimumVisualStudioVersion = 10.0.40219.1
Project("{FAE04EC0-301F-11D3-BF4B-00C04F79EFBC}") = "Examples", "Examples\Examples.csproj", "{9F8730B8-5C79-4330-89EE-BE8880D82AE8}"
EndProject
Global
	GlobalSection(SolutionConfigurationPlatforms) = preSolution
		Debug|Any CPU = Debug|Any CPU
		Release|Any CPU = Release|Any CPU
	EndGlobalSection
	GlobalSection(ProjectConfigurationPlatforms) = postSolution
		{9F8730B8-5C79-4330-89EE-BE8880D82AE8}.Debug|Any CPU.ActiveCfg = Debug|Any CPU
		{9F8730B8-5C79-4330-89EE-BE8880D82AE8}.Debug|Any CPU.Build.0 = Debug|Any CPU
		{9F8730B8-5C79-4330-89EE-BE8880D82AE8}.Release|Any CPU.ActiveCfg = Release|Any CPU
		{9F8730B8-5C79-4330-89EE-BE8880D82AE8}.Release|Any CPU.Build.0 = Release|Any CPU
	EndGlobalSection
	GlobalSection(SolutionProperties) = preSolution
		HideSolutionNode = FALSE
	EndGlobalSection
	GlobalSection(ExtensibilityGlobals) = postSolution
		SolutionGuid = {B10B01FF-156B-49B3-912E-1951E4580273}
	EndGlobalSection
EndGlobal
